
Microsoft Visual Studio Solution File, Format Version 12.00
# Visual Studio Version 16
VisualStudioVersion = 16.0.30709.64
MinimumVisualStudioVersion = 10.0.40219.1
Project("{9A19103F-16F7-4668-BE54-9A1E7A4F7556}") = "Day1", "Day1\Day1.csproj", "{7256BF7C-8D7C-41AB-9355-23CDB87F707C}"
EndProject
Project("{9A19103F-16F7-4668-BE54-9A1E7A4F7556}") = "Day1.Tests", "Day1.Tests\Day1.Tests.csproj", "{6BE5159D-6FD3-4DDC-9A8A-A3F584AEA053}"
EndProject
Project("{2150E333-8FDC-42A3-9474-1A3956D46DE8}") = "Day1", "Day1", "{37268315-632C-41C9-B5DC-AA0643570009}"
EndProject
Project("{2150E333-8FDC-42A3-9474-1A3956D46DE8}") = "Day2", "Day2", "{FCE26FA1-EEE9-48B6-B453-172F1DA63510}"
EndProject
Project("{9A19103F-16F7-4668-BE54-9A1E7A4F7556}") = "Day2", "Day2\Day2.csproj", "{73F544C5-6CBA-4428-9572-A203BDE8B244}"
EndProject
Project("{9A19103F-16F7-4668-BE54-9A1E7A4F7556}") = "Day2.Tests", "Day2.Tests\Day2.Tests.csproj", "{91F9D6AF-F999-4245-9F0E-239A91DFA755}"
EndProject
Project("{2150E333-8FDC-42A3-9474-1A3956D46DE8}") = "Day3", "Day3", "{D585A08C-10E0-4A7F-BB89-17445F83A9F4}"
EndProject
Project("{9A19103F-16F7-4668-BE54-9A1E7A4F7556}") = "Day3", "Day3\Day3.csproj", "{F2BB8B50-572F-413F-A99F-109505FA7314}"
EndProject
Project("{9A19103F-16F7-4668-BE54-9A1E7A4F7556}") = "Day3.Tests", "Day3.Tests\Day3.Tests.csproj", "{B7C6BF79-8986-4429-8627-048605045088}"
EndProject
Project("{2150E333-8FDC-42A3-9474-1A3956D46DE8}") = "Day4", "Day4", "{4ED71DB6-AE1B-481F-B35E-6C856B944EA2}"
EndProject
Project("{9A19103F-16F7-4668-BE54-9A1E7A4F7556}") = "Day4", "Day4\Day4.csproj", "{1FA6D1D1-3C1E-469C-8B34-EA3F774F4EA7}"
EndProject
Project("{9A19103F-16F7-4668-BE54-9A1E7A4F7556}") = "Day4.Tests", "Day4.Tests\Day4.Tests.csproj", "{3B95BFAF-258C-46E1-A595-7A0AF6D61C29}"
EndProject
Global
	GlobalSection(SolutionConfigurationPlatforms) = preSolution
		Debug|Any CPU = Debug|Any CPU
		Release|Any CPU = Release|Any CPU
	EndGlobalSection
	GlobalSection(ProjectConfigurationPlatforms) = postSolution
		{7256BF7C-8D7C-41AB-9355-23CDB87F707C}.Debug|Any CPU.ActiveCfg = Debug|Any CPU
		{7256BF7C-8D7C-41AB-9355-23CDB87F707C}.Debug|Any CPU.Build.0 = Debug|Any CPU
		{7256BF7C-8D7C-41AB-9355-23CDB87F707C}.Release|Any CPU.ActiveCfg = Release|Any CPU
		{7256BF7C-8D7C-41AB-9355-23CDB87F707C}.Release|Any CPU.Build.0 = Release|Any CPU
		{6BE5159D-6FD3-4DDC-9A8A-A3F584AEA053}.Debug|Any CPU.ActiveCfg = Debug|Any CPU
		{6BE5159D-6FD3-4DDC-9A8A-A3F584AEA053}.Debug|Any CPU.Build.0 = Debug|Any CPU
		{6BE5159D-6FD3-4DDC-9A8A-A3F584AEA053}.Release|Any CPU.ActiveCfg = Release|Any CPU
		{6BE5159D-6FD3-4DDC-9A8A-A3F584AEA053}.Release|Any CPU.Build.0 = Release|Any CPU
		{73F544C5-6CBA-4428-9572-A203BDE8B244}.Debug|Any CPU.ActiveCfg = Debug|Any CPU
		{73F544C5-6CBA-4428-9572-A203BDE8B244}.Debug|Any CPU.Build.0 = Debug|Any CPU
		{73F544C5-6CBA-4428-9572-A203BDE8B244}.Release|Any CPU.ActiveCfg = Release|Any CPU
		{73F544C5-6CBA-4428-9572-A203BDE8B244}.Release|Any CPU.Build.0 = Release|Any CPU
		{91F9D6AF-F999-4245-9F0E-239A91DFA755}.Debug|Any CPU.ActiveCfg = Debug|Any CPU
		{91F9D6AF-F999-4245-9F0E-239A91DFA755}.Debug|Any CPU.Build.0 = Debug|Any CPU
		{91F9D6AF-F999-4245-9F0E-239A91DFA755}.Release|Any CPU.ActiveCfg = Release|Any CPU
		{91F9D6AF-F999-4245-9F0E-239A91DFA755}.Release|Any CPU.Build.0 = Release|Any CPU
		{F2BB8B50-572F-413F-A99F-109505FA7314}.Debug|Any CPU.ActiveCfg = Debug|Any CPU
		{F2BB8B50-572F-413F-A99F-109505FA7314}.Debug|Any CPU.Build.0 = Debug|Any CPU
		{F2BB8B50-572F-413F-A99F-109505FA7314}.Release|Any CPU.ActiveCfg = Release|Any CPU
		{F2BB8B50-572F-413F-A99F-109505FA7314}.Release|Any CPU.Build.0 = Release|Any CPU
		{B7C6BF79-8986-4429-8627-048605045088}.Debug|Any CPU.ActiveCfg = Debug|Any CPU
		{B7C6BF79-8986-4429-8627-048605045088}.Debug|Any CPU.Build.0 = Debug|Any CPU
		{B7C6BF79-8986-4429-8627-048605045088}.Release|Any CPU.ActiveCfg = Release|Any CPU
		{B7C6BF79-8986-4429-8627-048605045088}.Release|Any CPU.Build.0 = Release|Any CPU
		{1FA6D1D1-3C1E-469C-8B34-EA3F774F4EA7}.Debug|Any CPU.ActiveCfg = Debug|Any CPU
		{1FA6D1D1-3C1E-469C-8B34-EA3F774F4EA7}.Debug|Any CPU.Build.0 = Debug|Any CPU
		{1FA6D1D1-3C1E-469C-8B34-EA3F774F4EA7}.Release|Any CPU.ActiveCfg = Release|Any CPU
		{1FA6D1D1-3C1E-469C-8B34-EA3F774F4EA7}.Release|Any CPU.Build.0 = Release|Any CPU
		{3B95BFAF-258C-46E1-A595-7A0AF6D61C29}.Debug|Any CPU.ActiveCfg = Debug|Any CPU
		{3B95BFAF-258C-46E1-A595-7A0AF6D61C29}.Debug|Any CPU.Build.0 = Debug|Any CPU
		{3B95BFAF-258C-46E1-A595-7A0AF6D61C29}.Release|Any CPU.ActiveCfg = Release|Any CPU
		{3B95BFAF-258C-46E1-A595-7A0AF6D61C29}.Release|Any CPU.Build.0 = Release|Any CPU
	EndGlobalSection
	GlobalSection(SolutionProperties) = preSolution
		HideSolutionNode = FALSE
	EndGlobalSection
	GlobalSection(NestedProjects) = preSolution
		{7256BF7C-8D7C-41AB-9355-23CDB87F707C} = {37268315-632C-41C9-B5DC-AA0643570009}
		{6BE5159D-6FD3-4DDC-9A8A-A3F584AEA053} = {37268315-632C-41C9-B5DC-AA0643570009}
		{73F544C5-6CBA-4428-9572-A203BDE8B244} = {FCE26FA1-EEE9-48B6-B453-172F1DA63510}
		{91F9D6AF-F999-4245-9F0E-239A91DFA755} = {FCE26FA1-EEE9-48B6-B453-172F1DA63510}
		{F2BB8B50-572F-413F-A99F-109505FA7314} = {D585A08C-10E0-4A7F-BB89-17445F83A9F4}
		{B7C6BF79-8986-4429-8627-048605045088} = {D585A08C-10E0-4A7F-BB89-17445F83A9F4}
		{1FA6D1D1-3C1E-469C-8B34-EA3F774F4EA7} = {4ED71DB6-AE1B-481F-B35E-6C856B944EA2}
		{3B95BFAF-258C-46E1-A595-7A0AF6D61C29} = {4ED71DB6-AE1B-481F-B35E-6C856B944EA2}
	EndGlobalSection
	GlobalSection(ExtensibilityGlobals) = postSolution
		SolutionGuid = {5A1E848F-191F-420E-BEC1-0F2F5474E169}
	EndGlobalSection
EndGlobal
