
Microsoft Visual Studio Solution File, Format Version 12.00
# Visual Studio Version 16
VisualStudioVersion = 16.0.30709.64
MinimumVisualStudioVersion = 10.0.40219.1
Project("{9A19103F-16F7-4668-BE54-9A1E7A4F7556}") = "Day1", "Day1\Day1.csproj", "{7256BF7C-8D7C-41AB-9355-23CDB87F707C}"
EndProject
Project("{9A19103F-16F7-4668-BE54-9A1E7A4F7556}") = "Day1.Tests", "Day1.Tests\Day1.Tests.csproj", "{6BE5159D-6FD3-4DDC-9A8A-A3F584AEA053}"
EndProject
Project("{2150E333-8FDC-42A3-9474-1A3956D46DE8}") = "Day01", "Day01", "{37268315-632C-41C9-B5DC-AA0643570009}"
EndProject
Project("{2150E333-8FDC-42A3-9474-1A3956D46DE8}") = "Day02", "Day02", "{FCE26FA1-EEE9-48B6-B453-172F1DA63510}"
EndProject
Project("{9A19103F-16F7-4668-BE54-9A1E7A4F7556}") = "Day2", "Day2\Day2.csproj", "{73F544C5-6CBA-4428-9572-A203BDE8B244}"
EndProject
Project("{9A19103F-16F7-4668-BE54-9A1E7A4F7556}") = "Day2.Tests", "Day2.Tests\Day2.Tests.csproj", "{91F9D6AF-F999-4245-9F0E-239A91DFA755}"
EndProject
Project("{2150E333-8FDC-42A3-9474-1A3956D46DE8}") = "Day03", "Day03", "{D585A08C-10E0-4A7F-BB89-17445F83A9F4}"
EndProject
Project("{9A19103F-16F7-4668-BE54-9A1E7A4F7556}") = "Day3", "Day3\Day3.csproj", "{F2BB8B50-572F-413F-A99F-109505FA7314}"
EndProject
Project("{9A19103F-16F7-4668-BE54-9A1E7A4F7556}") = "Day3.Tests", "Day3.Tests\Day3.Tests.csproj", "{B7C6BF79-8986-4429-8627-048605045088}"
EndProject
Project("{2150E333-8FDC-42A3-9474-1A3956D46DE8}") = "Day04", "Day04", "{4ED71DB6-AE1B-481F-B35E-6C856B944EA2}"
EndProject
Project("{9A19103F-16F7-4668-BE54-9A1E7A4F7556}") = "Day4", "Day4\Day4.csproj", "{1FA6D1D1-3C1E-469C-8B34-EA3F774F4EA7}"
EndProject
Project("{9A19103F-16F7-4668-BE54-9A1E7A4F7556}") = "Day4.Tests", "Day4.Tests\Day4.Tests.csproj", "{3B95BFAF-258C-46E1-A595-7A0AF6D61C29}"
EndProject
Project("{2150E333-8FDC-42A3-9474-1A3956D46DE8}") = "Day05", "Day05", "{455A2964-4411-4FA8-A787-15E5549701C4}"
EndProject
Project("{9A19103F-16F7-4668-BE54-9A1E7A4F7556}") = "Day5", "Day5\Day5.csproj", "{D40E350F-0FF8-4E59-85F1-B7856CA90B46}"
EndProject
Project("{9A19103F-16F7-4668-BE54-9A1E7A4F7556}") = "Day5.Tests", "Day5.Tests\Day5.Tests.csproj", "{879E7245-A3FE-4B9C-9985-F71A0932ADCC}"
EndProject
Project("{2150E333-8FDC-42A3-9474-1A3956D46DE8}") = "Day06", "Day06", "{3BE33D97-27BB-462C-8502-142204CC24EB}"
EndProject
Project("{9A19103F-16F7-4668-BE54-9A1E7A4F7556}") = "Day6", "Day6\Day6.csproj", "{A706BC12-FB6A-40A2-946F-5A56770F0763}"
EndProject
Project("{9A19103F-16F7-4668-BE54-9A1E7A4F7556}") = "Day6.Tests", "Day6.Tests\Day6.Tests.csproj", "{B73538B5-B13E-4A56-9351-EA7843BBAEC0}"
EndProject
Project("{2150E333-8FDC-42A3-9474-1A3956D46DE8}") = "Day07", "Day07", "{FE60110C-0E1F-485B-B62F-62E46B640D19}"
EndProject
Project("{9A19103F-16F7-4668-BE54-9A1E7A4F7556}") = "Day7", "Day7\Day7.csproj", "{B01FACA9-6134-4785-BF33-AD7865A3C696}"
EndProject
Project("{9A19103F-16F7-4668-BE54-9A1E7A4F7556}") = "Day7.Tests", "Day7.Tests\Day7.Tests.csproj", "{4D666136-C280-4D5E-9B2B-9A4B8136A027}"
EndProject
Project("{2150E333-8FDC-42A3-9474-1A3956D46DE8}") = "Day08", "Day08", "{D631A6A8-8E6A-4502-83D6-7B24F3E72F3F}"
EndProject
Project("{9A19103F-16F7-4668-BE54-9A1E7A4F7556}") = "Day8", "Day8\Day8.csproj", "{ED2EF92F-6BD3-4C25-A468-3908C4491514}"
EndProject
Project("{9A19103F-16F7-4668-BE54-9A1E7A4F7556}") = "Day8.Tests", "Day8.Tests\Day8.Tests.csproj", "{187B922E-252A-41A8-843F-F4C9916C3B13}"
EndProject
Project("{2150E333-8FDC-42A3-9474-1A3956D46DE8}") = "Day09", "Day09", "{88517F54-6C2A-4412-8958-DA817E904B30}"
EndProject
Project("{9A19103F-16F7-4668-BE54-9A1E7A4F7556}") = "Day9", "Day9\Day9.csproj", "{8136E5BB-7076-4ACB-8800-45704F7BB1CE}"
EndProject
Project("{9A19103F-16F7-4668-BE54-9A1E7A4F7556}") = "Day9.Tests", "Day9.Tests\Day9.Tests.csproj", "{E5A00FA6-5CD2-40D9-93F2-E8D26E638BF7}"
EndProject
Project("{2150E333-8FDC-42A3-9474-1A3956D46DE8}") = "Day10", "Day10", "{DE2EC989-0E8F-468A-9700-BEEFBCEB9E63}"
EndProject
Project("{9A19103F-16F7-4668-BE54-9A1E7A4F7556}") = "Day10", "Day10\Day10.csproj", "{BFACFB75-3930-484F-833C-E75645BCC859}"
EndProject
Project("{9A19103F-16F7-4668-BE54-9A1E7A4F7556}") = "Day10.Tests", "Day10.Tests\Day10.Tests.csproj", "{06067B09-80EE-4AFB-8351-143036C84D7F}"
EndProject
Project("{2150E333-8FDC-42A3-9474-1A3956D46DE8}") = "Day11", "Day11", "{B8313061-C58E-4501-9D12-3E1594757828}"
EndProject
Project("{9A19103F-16F7-4668-BE54-9A1E7A4F7556}") = "Day11", "Day11\Day11.csproj", "{DA3BDB62-E479-4CEC-8CF3-189C15F4CC07}"
EndProject
Project("{9A19103F-16F7-4668-BE54-9A1E7A4F7556}") = "Day11.Tests", "Day11.Tests\Day11.Tests.csproj", "{38EAD100-F3A8-4733-83DE-CDF40EBC1330}"
EndProject
Project("{2150E333-8FDC-42A3-9474-1A3956D46DE8}") = "Day12", "Day12", "{2A474182-DD73-4676-A916-9BB4D7135497}"
EndProject
Project("{9A19103F-16F7-4668-BE54-9A1E7A4F7556}") = "Day12", "Day12\Day12.csproj", "{FEF40000-BCB0-4BCC-8EED-6885FC0E7802}"
EndProject
Project("{9A19103F-16F7-4668-BE54-9A1E7A4F7556}") = "Day12.Tests", "Day12.Tests\Day12.Tests.csproj", "{CA0DBD5D-3C55-4493-9DB5-D6157D59737B}"
EndProject
Project("{2150E333-8FDC-42A3-9474-1A3956D46DE8}") = "Day13", "Day13", "{91A8F39D-078E-49F6-84BB-8329A7551AC5}"
EndProject
Project("{9A19103F-16F7-4668-BE54-9A1E7A4F7556}") = "Day13", "Day13\Day13.csproj", "{E79900B4-BFF2-44E9-A976-69907D8E5017}"
EndProject
Project("{9A19103F-16F7-4668-BE54-9A1E7A4F7556}") = "Day13.Tests", "Day13.Tests\Day13.Tests.csproj", "{B9045A00-BAE6-4693-9353-DC670EEAFCFA}"
EndProject
Project("{2150E333-8FDC-42A3-9474-1A3956D46DE8}") = "Day14", "Day14", "{B98F25E6-894C-444D-9844-3B4B9497287B}"
EndProject
Project("{9A19103F-16F7-4668-BE54-9A1E7A4F7556}") = "Day14", "Day14\Day14.csproj", "{98DE38DB-E5B1-489D-83EA-9D3BA2189241}"
EndProject
Project("{9A19103F-16F7-4668-BE54-9A1E7A4F7556}") = "Day14.Tests", "Day14.Tests\Day14.Tests.csproj", "{0CDFDF77-83CA-48E0-9476-2DAF1EB276BD}"
EndProject
Project("{2150E333-8FDC-42A3-9474-1A3956D46DE8}") = "Day15", "Day15", "{7D374E9F-CDBB-4CDF-B5D9-34A38C4C48DD}"
EndProject
Project("{9A19103F-16F7-4668-BE54-9A1E7A4F7556}") = "Day15", "Day15\Day15.csproj", "{0F3AA6BE-EC09-4F3B-B649-FD37318763B9}"
EndProject
Project("{9A19103F-16F7-4668-BE54-9A1E7A4F7556}") = "Day15.Tests", "Day15.Tests\Day15.Tests.csproj", "{2DD13635-199C-488F-8F39-E8F13D72040C}"
EndProject
Project("{2150E333-8FDC-42A3-9474-1A3956D46DE8}") = "Day16", "Day16", "{2E841747-922F-4D51-B3D1-886613301650}"
EndProject
Project("{9A19103F-16F7-4668-BE54-9A1E7A4F7556}") = "Day16", "Day16\Day16.csproj", "{8D4AF438-87D0-4CC6-BE62-20310C9615DA}"
EndProject
Project("{9A19103F-16F7-4668-BE54-9A1E7A4F7556}") = "Day16.Tests", "Day16.Tests\Day16.Tests.csproj", "{A8A240E0-3308-40F5-B62B-842565EFF952}"
EndProject
Project("{2150E333-8FDC-42A3-9474-1A3956D46DE8}") = "Day18", "Day18", "{07F07DE2-0211-43FA-ADB9-59386C53EDA0}"
EndProject
Project("{9A19103F-16F7-4668-BE54-9A1E7A4F7556}") = "Day18", "Day18\Day18.csproj", "{D7326E96-37BF-4304-B5DE-EC0038FC01ED}"
EndProject
Project("{9A19103F-16F7-4668-BE54-9A1E7A4F7556}") = "Day18.Tests", "Day18.Tests\Day18.Tests.csproj", "{42F8ED39-7587-4180-B173-2D532FBC9BC0}"
EndProject
Project("{2150E333-8FDC-42A3-9474-1A3956D46DE8}") = "Day19", "Day19", "{8FFB9D95-DEC0-4053-9994-94C1B94B6A76}"
EndProject
Project("{9A19103F-16F7-4668-BE54-9A1E7A4F7556}") = "Day19", "Day19\Day19.csproj", "{35355B2F-D58F-455E-906A-CACF0C4C595C}"
EndProject
Project("{9A19103F-16F7-4668-BE54-9A1E7A4F7556}") = "Day19.Tests", "Day19.Tests\Day19.Tests.csproj", "{E40CD0BC-A1B2-42B3-A51B-B6D842C773E0}"
EndProject
Project("{2150E333-8FDC-42A3-9474-1A3956D46DE8}") = "Day17", "Day17", "{35EC658A-CFA5-4ACC-BB91-62286149F244}"
EndProject
Project("{9A19103F-16F7-4668-BE54-9A1E7A4F7556}") = "Day17", "Day17\Day17.csproj", "{D0B33E3D-2276-4FD4-8B48-4DDB8E2D59C5}"
EndProject
Project("{9A19103F-16F7-4668-BE54-9A1E7A4F7556}") = "Day17.Tests", "Day17.Tests\Day17.Tests.csproj", "{20951C56-D79A-4575-AF54-66A19B3D4176}"
EndProject
Project("{2150E333-8FDC-42A3-9474-1A3956D46DE8}") = "Day20", "Day20", "{197C48F9-DBE2-45D3-954E-B0BD92065DC2}"
EndProject
Project("{9A19103F-16F7-4668-BE54-9A1E7A4F7556}") = "Day20", "Day20\Day20.csproj", "{2B457935-DD02-415A-9287-25E473F230F8}"
EndProject
Project("{9A19103F-16F7-4668-BE54-9A1E7A4F7556}") = "Day20.Tests", "Day20.Tests\Day20.Tests.csproj", "{1878A3E4-7412-4A6A-BEB3-ED05F7003485}"
EndProject
Project("{2150E333-8FDC-42A3-9474-1A3956D46DE8}") = "Day21", "Day21", "{AF0F0BB2-7D96-479C-986C-CD130E1F6070}"
EndProject
Project("{9A19103F-16F7-4668-BE54-9A1E7A4F7556}") = "Day21", "Day21\Day21.csproj", "{3DB24A79-E2A0-4066-91CB-AAE68E9F8E77}"
EndProject
Project("{9A19103F-16F7-4668-BE54-9A1E7A4F7556}") = "Day21.Tests", "Day21.Tests\Day21.Tests.csproj", "{2171171A-6BF6-4E8C-B98D-80036D6F724C}"
EndProject
Project("{2150E333-8FDC-42A3-9474-1A3956D46DE8}") = "Day22", "Day22", "{05CEE09E-BB4B-4E44-8133-C46EDA5F9E84}"
EndProject
Project("{9A19103F-16F7-4668-BE54-9A1E7A4F7556}") = "Day22", "Day22\Day22.csproj", "{D7DD34B3-1B61-4ECB-ABE4-7449FE270DB4}"
EndProject
Project("{9A19103F-16F7-4668-BE54-9A1E7A4F7556}") = "Day22.Tests", "Day22.Tests\Day22.Tests.csproj", "{7C641872-FB46-4FA6-93CC-0F7A7ED77B3A}"
EndProject
Project("{2150E333-8FDC-42A3-9474-1A3956D46DE8}") = "Day23", "Day23", "{F3B13D6D-1ED0-4193-9D89-85392B4DB2A3}"
EndProject
Project("{9A19103F-16F7-4668-BE54-9A1E7A4F7556}") = "Day23", "Day23\Day23.csproj", "{B5FC1D65-5D70-4B27-8C79-3E18373EE0DF}"
EndProject
Project("{9A19103F-16F7-4668-BE54-9A1E7A4F7556}") = "Day23.Tests", "Day23.Tests\Day23.Tests.csproj", "{E3FA7DF4-1F5C-452D-9D1E-BDE91F8A32D9}"
EndProject
Project("{2150E333-8FDC-42A3-9474-1A3956D46DE8}") = "Day24", "Day24", "{551FEDC2-CE37-4D3A-8B0C-4F987639596D}"
EndProject
Project("{9A19103F-16F7-4668-BE54-9A1E7A4F7556}") = "Day24", "Day24\Day24.csproj", "{B1462237-1045-43DF-8152-46F576E1E921}"
EndProject
Project("{9A19103F-16F7-4668-BE54-9A1E7A4F7556}") = "Day24.Tests", "Day24.Tests\Day24.Tests.csproj", "{E9996CF0-14DB-4F11-B164-65B58BB5EAC2}"
EndProject
Project("{2150E333-8FDC-42A3-9474-1A3956D46DE8}") = "Day25", "Day25", "{02BA44A8-4ABD-415E-AC42-B51598B4A635}"
EndProject
Project("{9A19103F-16F7-4668-BE54-9A1E7A4F7556}") = "Day25", "Day25\Day25.csproj", "{4102EBF9-8520-40FF-A850-E5D436978107}"
EndProject
Project("{9A19103F-16F7-4668-BE54-9A1E7A4F7556}") = "Day25.Tests", "Day25.Tests\Day25.Tests.csproj", "{63DD7058-4FC8-4A3F-B5FE-1186561BCAE8}"
EndProject
Global
	GlobalSection(SolutionConfigurationPlatforms) = preSolution
		Debug|Any CPU = Debug|Any CPU
		Release|Any CPU = Release|Any CPU
	EndGlobalSection
	GlobalSection(ProjectConfigurationPlatforms) = postSolution
		{7256BF7C-8D7C-41AB-9355-23CDB87F707C}.Debug|Any CPU.ActiveCfg = Debug|Any CPU
		{7256BF7C-8D7C-41AB-9355-23CDB87F707C}.Debug|Any CPU.Build.0 = Debug|Any CPU
		{7256BF7C-8D7C-41AB-9355-23CDB87F707C}.Release|Any CPU.ActiveCfg = Release|Any CPU
		{7256BF7C-8D7C-41AB-9355-23CDB87F707C}.Release|Any CPU.Build.0 = Release|Any CPU
		{6BE5159D-6FD3-4DDC-9A8A-A3F584AEA053}.Debug|Any CPU.ActiveCfg = Debug|Any CPU
		{6BE5159D-6FD3-4DDC-9A8A-A3F584AEA053}.Debug|Any CPU.Build.0 = Debug|Any CPU
		{6BE5159D-6FD3-4DDC-9A8A-A3F584AEA053}.Release|Any CPU.ActiveCfg = Release|Any CPU
		{6BE5159D-6FD3-4DDC-9A8A-A3F584AEA053}.Release|Any CPU.Build.0 = Release|Any CPU
		{73F544C5-6CBA-4428-9572-A203BDE8B244}.Debug|Any CPU.ActiveCfg = Debug|Any CPU
		{73F544C5-6CBA-4428-9572-A203BDE8B244}.Debug|Any CPU.Build.0 = Debug|Any CPU
		{73F544C5-6CBA-4428-9572-A203BDE8B244}.Release|Any CPU.ActiveCfg = Release|Any CPU
		{73F544C5-6CBA-4428-9572-A203BDE8B244}.Release|Any CPU.Build.0 = Release|Any CPU
		{91F9D6AF-F999-4245-9F0E-239A91DFA755}.Debug|Any CPU.ActiveCfg = Debug|Any CPU
		{91F9D6AF-F999-4245-9F0E-239A91DFA755}.Debug|Any CPU.Build.0 = Debug|Any CPU
		{91F9D6AF-F999-4245-9F0E-239A91DFA755}.Release|Any CPU.ActiveCfg = Release|Any CPU
		{91F9D6AF-F999-4245-9F0E-239A91DFA755}.Release|Any CPU.Build.0 = Release|Any CPU
		{F2BB8B50-572F-413F-A99F-109505FA7314}.Debug|Any CPU.ActiveCfg = Debug|Any CPU
		{F2BB8B50-572F-413F-A99F-109505FA7314}.Debug|Any CPU.Build.0 = Debug|Any CPU
		{F2BB8B50-572F-413F-A99F-109505FA7314}.Release|Any CPU.ActiveCfg = Release|Any CPU
		{F2BB8B50-572F-413F-A99F-109505FA7314}.Release|Any CPU.Build.0 = Release|Any CPU
		{B7C6BF79-8986-4429-8627-048605045088}.Debug|Any CPU.ActiveCfg = Debug|Any CPU
		{B7C6BF79-8986-4429-8627-048605045088}.Debug|Any CPU.Build.0 = Debug|Any CPU
		{B7C6BF79-8986-4429-8627-048605045088}.Release|Any CPU.ActiveCfg = Release|Any CPU
		{B7C6BF79-8986-4429-8627-048605045088}.Release|Any CPU.Build.0 = Release|Any CPU
		{1FA6D1D1-3C1E-469C-8B34-EA3F774F4EA7}.Debug|Any CPU.ActiveCfg = Debug|Any CPU
		{1FA6D1D1-3C1E-469C-8B34-EA3F774F4EA7}.Debug|Any CPU.Build.0 = Debug|Any CPU
		{1FA6D1D1-3C1E-469C-8B34-EA3F774F4EA7}.Release|Any CPU.ActiveCfg = Release|Any CPU
		{1FA6D1D1-3C1E-469C-8B34-EA3F774F4EA7}.Release|Any CPU.Build.0 = Release|Any CPU
		{3B95BFAF-258C-46E1-A595-7A0AF6D61C29}.Debug|Any CPU.ActiveCfg = Debug|Any CPU
		{3B95BFAF-258C-46E1-A595-7A0AF6D61C29}.Debug|Any CPU.Build.0 = Debug|Any CPU
		{3B95BFAF-258C-46E1-A595-7A0AF6D61C29}.Release|Any CPU.ActiveCfg = Release|Any CPU
		{3B95BFAF-258C-46E1-A595-7A0AF6D61C29}.Release|Any CPU.Build.0 = Release|Any CPU
		{D40E350F-0FF8-4E59-85F1-B7856CA90B46}.Debug|Any CPU.ActiveCfg = Debug|Any CPU
		{D40E350F-0FF8-4E59-85F1-B7856CA90B46}.Debug|Any CPU.Build.0 = Debug|Any CPU
		{D40E350F-0FF8-4E59-85F1-B7856CA90B46}.Release|Any CPU.ActiveCfg = Release|Any CPU
		{D40E350F-0FF8-4E59-85F1-B7856CA90B46}.Release|Any CPU.Build.0 = Release|Any CPU
		{879E7245-A3FE-4B9C-9985-F71A0932ADCC}.Debug|Any CPU.ActiveCfg = Debug|Any CPU
		{879E7245-A3FE-4B9C-9985-F71A0932ADCC}.Debug|Any CPU.Build.0 = Debug|Any CPU
		{879E7245-A3FE-4B9C-9985-F71A0932ADCC}.Release|Any CPU.ActiveCfg = Release|Any CPU
		{879E7245-A3FE-4B9C-9985-F71A0932ADCC}.Release|Any CPU.Build.0 = Release|Any CPU
		{A706BC12-FB6A-40A2-946F-5A56770F0763}.Debug|Any CPU.ActiveCfg = Debug|Any CPU
		{A706BC12-FB6A-40A2-946F-5A56770F0763}.Debug|Any CPU.Build.0 = Debug|Any CPU
		{A706BC12-FB6A-40A2-946F-5A56770F0763}.Release|Any CPU.ActiveCfg = Release|Any CPU
		{A706BC12-FB6A-40A2-946F-5A56770F0763}.Release|Any CPU.Build.0 = Release|Any CPU
		{B73538B5-B13E-4A56-9351-EA7843BBAEC0}.Debug|Any CPU.ActiveCfg = Debug|Any CPU
		{B73538B5-B13E-4A56-9351-EA7843BBAEC0}.Debug|Any CPU.Build.0 = Debug|Any CPU
		{B73538B5-B13E-4A56-9351-EA7843BBAEC0}.Release|Any CPU.ActiveCfg = Release|Any CPU
		{B73538B5-B13E-4A56-9351-EA7843BBAEC0}.Release|Any CPU.Build.0 = Release|Any CPU
		{B01FACA9-6134-4785-BF33-AD7865A3C696}.Debug|Any CPU.ActiveCfg = Debug|Any CPU
		{B01FACA9-6134-4785-BF33-AD7865A3C696}.Debug|Any CPU.Build.0 = Debug|Any CPU
		{B01FACA9-6134-4785-BF33-AD7865A3C696}.Release|Any CPU.ActiveCfg = Release|Any CPU
		{B01FACA9-6134-4785-BF33-AD7865A3C696}.Release|Any CPU.Build.0 = Release|Any CPU
		{4D666136-C280-4D5E-9B2B-9A4B8136A027}.Debug|Any CPU.ActiveCfg = Debug|Any CPU
		{4D666136-C280-4D5E-9B2B-9A4B8136A027}.Debug|Any CPU.Build.0 = Debug|Any CPU
		{4D666136-C280-4D5E-9B2B-9A4B8136A027}.Release|Any CPU.ActiveCfg = Release|Any CPU
		{4D666136-C280-4D5E-9B2B-9A4B8136A027}.Release|Any CPU.Build.0 = Release|Any CPU
		{ED2EF92F-6BD3-4C25-A468-3908C4491514}.Debug|Any CPU.ActiveCfg = Debug|Any CPU
		{ED2EF92F-6BD3-4C25-A468-3908C4491514}.Debug|Any CPU.Build.0 = Debug|Any CPU
		{ED2EF92F-6BD3-4C25-A468-3908C4491514}.Release|Any CPU.ActiveCfg = Release|Any CPU
		{ED2EF92F-6BD3-4C25-A468-3908C4491514}.Release|Any CPU.Build.0 = Release|Any CPU
		{187B922E-252A-41A8-843F-F4C9916C3B13}.Debug|Any CPU.ActiveCfg = Debug|Any CPU
		{187B922E-252A-41A8-843F-F4C9916C3B13}.Debug|Any CPU.Build.0 = Debug|Any CPU
		{187B922E-252A-41A8-843F-F4C9916C3B13}.Release|Any CPU.ActiveCfg = Release|Any CPU
		{187B922E-252A-41A8-843F-F4C9916C3B13}.Release|Any CPU.Build.0 = Release|Any CPU
		{8136E5BB-7076-4ACB-8800-45704F7BB1CE}.Debug|Any CPU.ActiveCfg = Debug|Any CPU
		{8136E5BB-7076-4ACB-8800-45704F7BB1CE}.Debug|Any CPU.Build.0 = Debug|Any CPU
		{8136E5BB-7076-4ACB-8800-45704F7BB1CE}.Release|Any CPU.ActiveCfg = Release|Any CPU
		{8136E5BB-7076-4ACB-8800-45704F7BB1CE}.Release|Any CPU.Build.0 = Release|Any CPU
		{E5A00FA6-5CD2-40D9-93F2-E8D26E638BF7}.Debug|Any CPU.ActiveCfg = Debug|Any CPU
		{E5A00FA6-5CD2-40D9-93F2-E8D26E638BF7}.Debug|Any CPU.Build.0 = Debug|Any CPU
		{E5A00FA6-5CD2-40D9-93F2-E8D26E638BF7}.Release|Any CPU.ActiveCfg = Release|Any CPU
		{E5A00FA6-5CD2-40D9-93F2-E8D26E638BF7}.Release|Any CPU.Build.0 = Release|Any CPU
		{BFACFB75-3930-484F-833C-E75645BCC859}.Debug|Any CPU.ActiveCfg = Debug|Any CPU
		{BFACFB75-3930-484F-833C-E75645BCC859}.Debug|Any CPU.Build.0 = Debug|Any CPU
		{BFACFB75-3930-484F-833C-E75645BCC859}.Release|Any CPU.ActiveCfg = Release|Any CPU
		{BFACFB75-3930-484F-833C-E75645BCC859}.Release|Any CPU.Build.0 = Release|Any CPU
		{06067B09-80EE-4AFB-8351-143036C84D7F}.Debug|Any CPU.ActiveCfg = Debug|Any CPU
		{06067B09-80EE-4AFB-8351-143036C84D7F}.Debug|Any CPU.Build.0 = Debug|Any CPU
		{06067B09-80EE-4AFB-8351-143036C84D7F}.Release|Any CPU.ActiveCfg = Release|Any CPU
		{06067B09-80EE-4AFB-8351-143036C84D7F}.Release|Any CPU.Build.0 = Release|Any CPU
		{DA3BDB62-E479-4CEC-8CF3-189C15F4CC07}.Debug|Any CPU.ActiveCfg = Debug|Any CPU
		{DA3BDB62-E479-4CEC-8CF3-189C15F4CC07}.Debug|Any CPU.Build.0 = Debug|Any CPU
		{DA3BDB62-E479-4CEC-8CF3-189C15F4CC07}.Release|Any CPU.ActiveCfg = Release|Any CPU
		{DA3BDB62-E479-4CEC-8CF3-189C15F4CC07}.Release|Any CPU.Build.0 = Release|Any CPU
		{38EAD100-F3A8-4733-83DE-CDF40EBC1330}.Debug|Any CPU.ActiveCfg = Debug|Any CPU
		{38EAD100-F3A8-4733-83DE-CDF40EBC1330}.Debug|Any CPU.Build.0 = Debug|Any CPU
		{38EAD100-F3A8-4733-83DE-CDF40EBC1330}.Release|Any CPU.ActiveCfg = Release|Any CPU
		{38EAD100-F3A8-4733-83DE-CDF40EBC1330}.Release|Any CPU.Build.0 = Release|Any CPU
		{FEF40000-BCB0-4BCC-8EED-6885FC0E7802}.Debug|Any CPU.ActiveCfg = Debug|Any CPU
		{FEF40000-BCB0-4BCC-8EED-6885FC0E7802}.Debug|Any CPU.Build.0 = Debug|Any CPU
		{FEF40000-BCB0-4BCC-8EED-6885FC0E7802}.Release|Any CPU.ActiveCfg = Release|Any CPU
		{FEF40000-BCB0-4BCC-8EED-6885FC0E7802}.Release|Any CPU.Build.0 = Release|Any CPU
		{CA0DBD5D-3C55-4493-9DB5-D6157D59737B}.Debug|Any CPU.ActiveCfg = Debug|Any CPU
		{CA0DBD5D-3C55-4493-9DB5-D6157D59737B}.Debug|Any CPU.Build.0 = Debug|Any CPU
		{CA0DBD5D-3C55-4493-9DB5-D6157D59737B}.Release|Any CPU.ActiveCfg = Release|Any CPU
		{CA0DBD5D-3C55-4493-9DB5-D6157D59737B}.Release|Any CPU.Build.0 = Release|Any CPU
		{E79900B4-BFF2-44E9-A976-69907D8E5017}.Debug|Any CPU.ActiveCfg = Debug|Any CPU
		{E79900B4-BFF2-44E9-A976-69907D8E5017}.Debug|Any CPU.Build.0 = Debug|Any CPU
		{E79900B4-BFF2-44E9-A976-69907D8E5017}.Release|Any CPU.ActiveCfg = Release|Any CPU
		{E79900B4-BFF2-44E9-A976-69907D8E5017}.Release|Any CPU.Build.0 = Release|Any CPU
		{B9045A00-BAE6-4693-9353-DC670EEAFCFA}.Debug|Any CPU.ActiveCfg = Debug|Any CPU
		{B9045A00-BAE6-4693-9353-DC670EEAFCFA}.Debug|Any CPU.Build.0 = Debug|Any CPU
		{B9045A00-BAE6-4693-9353-DC670EEAFCFA}.Release|Any CPU.ActiveCfg = Release|Any CPU
		{B9045A00-BAE6-4693-9353-DC670EEAFCFA}.Release|Any CPU.Build.0 = Release|Any CPU
		{98DE38DB-E5B1-489D-83EA-9D3BA2189241}.Debug|Any CPU.ActiveCfg = Debug|Any CPU
		{98DE38DB-E5B1-489D-83EA-9D3BA2189241}.Debug|Any CPU.Build.0 = Debug|Any CPU
		{98DE38DB-E5B1-489D-83EA-9D3BA2189241}.Release|Any CPU.ActiveCfg = Release|Any CPU
		{98DE38DB-E5B1-489D-83EA-9D3BA2189241}.Release|Any CPU.Build.0 = Release|Any CPU
		{0CDFDF77-83CA-48E0-9476-2DAF1EB276BD}.Debug|Any CPU.ActiveCfg = Debug|Any CPU
		{0CDFDF77-83CA-48E0-9476-2DAF1EB276BD}.Debug|Any CPU.Build.0 = Debug|Any CPU
		{0CDFDF77-83CA-48E0-9476-2DAF1EB276BD}.Release|Any CPU.ActiveCfg = Release|Any CPU
		{0CDFDF77-83CA-48E0-9476-2DAF1EB276BD}.Release|Any CPU.Build.0 = Release|Any CPU
		{0F3AA6BE-EC09-4F3B-B649-FD37318763B9}.Debug|Any CPU.ActiveCfg = Debug|Any CPU
		{0F3AA6BE-EC09-4F3B-B649-FD37318763B9}.Debug|Any CPU.Build.0 = Debug|Any CPU
		{0F3AA6BE-EC09-4F3B-B649-FD37318763B9}.Release|Any CPU.ActiveCfg = Release|Any CPU
		{0F3AA6BE-EC09-4F3B-B649-FD37318763B9}.Release|Any CPU.Build.0 = Release|Any CPU
		{2DD13635-199C-488F-8F39-E8F13D72040C}.Debug|Any CPU.ActiveCfg = Debug|Any CPU
		{2DD13635-199C-488F-8F39-E8F13D72040C}.Debug|Any CPU.Build.0 = Debug|Any CPU
		{2DD13635-199C-488F-8F39-E8F13D72040C}.Release|Any CPU.ActiveCfg = Release|Any CPU
		{2DD13635-199C-488F-8F39-E8F13D72040C}.Release|Any CPU.Build.0 = Release|Any CPU
		{8D4AF438-87D0-4CC6-BE62-20310C9615DA}.Debug|Any CPU.ActiveCfg = Debug|Any CPU
		{8D4AF438-87D0-4CC6-BE62-20310C9615DA}.Debug|Any CPU.Build.0 = Debug|Any CPU
		{8D4AF438-87D0-4CC6-BE62-20310C9615DA}.Release|Any CPU.ActiveCfg = Release|Any CPU
		{8D4AF438-87D0-4CC6-BE62-20310C9615DA}.Release|Any CPU.Build.0 = Release|Any CPU
		{A8A240E0-3308-40F5-B62B-842565EFF952}.Debug|Any CPU.ActiveCfg = Debug|Any CPU
		{A8A240E0-3308-40F5-B62B-842565EFF952}.Debug|Any CPU.Build.0 = Debug|Any CPU
		{A8A240E0-3308-40F5-B62B-842565EFF952}.Release|Any CPU.ActiveCfg = Release|Any CPU
		{A8A240E0-3308-40F5-B62B-842565EFF952}.Release|Any CPU.Build.0 = Release|Any CPU
		{D7326E96-37BF-4304-B5DE-EC0038FC01ED}.Debug|Any CPU.ActiveCfg = Debug|Any CPU
		{D7326E96-37BF-4304-B5DE-EC0038FC01ED}.Debug|Any CPU.Build.0 = Debug|Any CPU
		{D7326E96-37BF-4304-B5DE-EC0038FC01ED}.Release|Any CPU.ActiveCfg = Release|Any CPU
		{D7326E96-37BF-4304-B5DE-EC0038FC01ED}.Release|Any CPU.Build.0 = Release|Any CPU
		{42F8ED39-7587-4180-B173-2D532FBC9BC0}.Debug|Any CPU.ActiveCfg = Debug|Any CPU
		{42F8ED39-7587-4180-B173-2D532FBC9BC0}.Debug|Any CPU.Build.0 = Debug|Any CPU
		{42F8ED39-7587-4180-B173-2D532FBC9BC0}.Release|Any CPU.ActiveCfg = Release|Any CPU
		{42F8ED39-7587-4180-B173-2D532FBC9BC0}.Release|Any CPU.Build.0 = Release|Any CPU
		{35355B2F-D58F-455E-906A-CACF0C4C595C}.Debug|Any CPU.ActiveCfg = Debug|Any CPU
		{35355B2F-D58F-455E-906A-CACF0C4C595C}.Debug|Any CPU.Build.0 = Debug|Any CPU
		{35355B2F-D58F-455E-906A-CACF0C4C595C}.Release|Any CPU.ActiveCfg = Release|Any CPU
		{35355B2F-D58F-455E-906A-CACF0C4C595C}.Release|Any CPU.Build.0 = Release|Any CPU
		{E40CD0BC-A1B2-42B3-A51B-B6D842C773E0}.Debug|Any CPU.ActiveCfg = Debug|Any CPU
		{E40CD0BC-A1B2-42B3-A51B-B6D842C773E0}.Debug|Any CPU.Build.0 = Debug|Any CPU
		{E40CD0BC-A1B2-42B3-A51B-B6D842C773E0}.Release|Any CPU.ActiveCfg = Release|Any CPU
		{E40CD0BC-A1B2-42B3-A51B-B6D842C773E0}.Release|Any CPU.Build.0 = Release|Any CPU
		{D0B33E3D-2276-4FD4-8B48-4DDB8E2D59C5}.Debug|Any CPU.ActiveCfg = Debug|Any CPU
		{D0B33E3D-2276-4FD4-8B48-4DDB8E2D59C5}.Debug|Any CPU.Build.0 = Debug|Any CPU
		{D0B33E3D-2276-4FD4-8B48-4DDB8E2D59C5}.Release|Any CPU.ActiveCfg = Release|Any CPU
		{D0B33E3D-2276-4FD4-8B48-4DDB8E2D59C5}.Release|Any CPU.Build.0 = Release|Any CPU
		{20951C56-D79A-4575-AF54-66A19B3D4176}.Debug|Any CPU.ActiveCfg = Debug|Any CPU
		{20951C56-D79A-4575-AF54-66A19B3D4176}.Debug|Any CPU.Build.0 = Debug|Any CPU
		{20951C56-D79A-4575-AF54-66A19B3D4176}.Release|Any CPU.ActiveCfg = Release|Any CPU
		{20951C56-D79A-4575-AF54-66A19B3D4176}.Release|Any CPU.Build.0 = Release|Any CPU
		{2B457935-DD02-415A-9287-25E473F230F8}.Debug|Any CPU.ActiveCfg = Debug|Any CPU
		{2B457935-DD02-415A-9287-25E473F230F8}.Debug|Any CPU.Build.0 = Debug|Any CPU
		{2B457935-DD02-415A-9287-25E473F230F8}.Release|Any CPU.ActiveCfg = Release|Any CPU
		{2B457935-DD02-415A-9287-25E473F230F8}.Release|Any CPU.Build.0 = Release|Any CPU
		{1878A3E4-7412-4A6A-BEB3-ED05F7003485}.Debug|Any CPU.ActiveCfg = Debug|Any CPU
		{1878A3E4-7412-4A6A-BEB3-ED05F7003485}.Debug|Any CPU.Build.0 = Debug|Any CPU
		{1878A3E4-7412-4A6A-BEB3-ED05F7003485}.Release|Any CPU.ActiveCfg = Release|Any CPU
		{1878A3E4-7412-4A6A-BEB3-ED05F7003485}.Release|Any CPU.Build.0 = Release|Any CPU
		{3DB24A79-E2A0-4066-91CB-AAE68E9F8E77}.Debug|Any CPU.ActiveCfg = Debug|Any CPU
		{3DB24A79-E2A0-4066-91CB-AAE68E9F8E77}.Debug|Any CPU.Build.0 = Debug|Any CPU
		{3DB24A79-E2A0-4066-91CB-AAE68E9F8E77}.Release|Any CPU.ActiveCfg = Release|Any CPU
		{3DB24A79-E2A0-4066-91CB-AAE68E9F8E77}.Release|Any CPU.Build.0 = Release|Any CPU
		{2171171A-6BF6-4E8C-B98D-80036D6F724C}.Debug|Any CPU.ActiveCfg = Debug|Any CPU
		{2171171A-6BF6-4E8C-B98D-80036D6F724C}.Debug|Any CPU.Build.0 = Debug|Any CPU
		{2171171A-6BF6-4E8C-B98D-80036D6F724C}.Release|Any CPU.ActiveCfg = Release|Any CPU
		{2171171A-6BF6-4E8C-B98D-80036D6F724C}.Release|Any CPU.Build.0 = Release|Any CPU
		{D7DD34B3-1B61-4ECB-ABE4-7449FE270DB4}.Debug|Any CPU.ActiveCfg = Debug|Any CPU
		{D7DD34B3-1B61-4ECB-ABE4-7449FE270DB4}.Debug|Any CPU.Build.0 = Debug|Any CPU
		{D7DD34B3-1B61-4ECB-ABE4-7449FE270DB4}.Release|Any CPU.ActiveCfg = Release|Any CPU
		{D7DD34B3-1B61-4ECB-ABE4-7449FE270DB4}.Release|Any CPU.Build.0 = Release|Any CPU
		{7C641872-FB46-4FA6-93CC-0F7A7ED77B3A}.Debug|Any CPU.ActiveCfg = Debug|Any CPU
		{7C641872-FB46-4FA6-93CC-0F7A7ED77B3A}.Debug|Any CPU.Build.0 = Debug|Any CPU
		{7C641872-FB46-4FA6-93CC-0F7A7ED77B3A}.Release|Any CPU.ActiveCfg = Release|Any CPU
		{7C641872-FB46-4FA6-93CC-0F7A7ED77B3A}.Release|Any CPU.Build.0 = Release|Any CPU
		{B5FC1D65-5D70-4B27-8C79-3E18373EE0DF}.Debug|Any CPU.ActiveCfg = Debug|Any CPU
		{B5FC1D65-5D70-4B27-8C79-3E18373EE0DF}.Debug|Any CPU.Build.0 = Debug|Any CPU
		{B5FC1D65-5D70-4B27-8C79-3E18373EE0DF}.Release|Any CPU.ActiveCfg = Release|Any CPU
		{B5FC1D65-5D70-4B27-8C79-3E18373EE0DF}.Release|Any CPU.Build.0 = Release|Any CPU
		{E3FA7DF4-1F5C-452D-9D1E-BDE91F8A32D9}.Debug|Any CPU.ActiveCfg = Debug|Any CPU
		{E3FA7DF4-1F5C-452D-9D1E-BDE91F8A32D9}.Debug|Any CPU.Build.0 = Debug|Any CPU
		{E3FA7DF4-1F5C-452D-9D1E-BDE91F8A32D9}.Release|Any CPU.ActiveCfg = Release|Any CPU
		{E3FA7DF4-1F5C-452D-9D1E-BDE91F8A32D9}.Release|Any CPU.Build.0 = Release|Any CPU
		{B1462237-1045-43DF-8152-46F576E1E921}.Debug|Any CPU.ActiveCfg = Debug|Any CPU
		{B1462237-1045-43DF-8152-46F576E1E921}.Debug|Any CPU.Build.0 = Debug|Any CPU
		{B1462237-1045-43DF-8152-46F576E1E921}.Release|Any CPU.ActiveCfg = Release|Any CPU
		{B1462237-1045-43DF-8152-46F576E1E921}.Release|Any CPU.Build.0 = Release|Any CPU
		{E9996CF0-14DB-4F11-B164-65B58BB5EAC2}.Debug|Any CPU.ActiveCfg = Debug|Any CPU
		{E9996CF0-14DB-4F11-B164-65B58BB5EAC2}.Debug|Any CPU.Build.0 = Debug|Any CPU
		{E9996CF0-14DB-4F11-B164-65B58BB5EAC2}.Release|Any CPU.ActiveCfg = Release|Any CPU
		{E9996CF0-14DB-4F11-B164-65B58BB5EAC2}.Release|Any CPU.Build.0 = Release|Any CPU
		{4102EBF9-8520-40FF-A850-E5D436978107}.Debug|Any CPU.ActiveCfg = Debug|Any CPU
		{4102EBF9-8520-40FF-A850-E5D436978107}.Debug|Any CPU.Build.0 = Debug|Any CPU
		{4102EBF9-8520-40FF-A850-E5D436978107}.Release|Any CPU.ActiveCfg = Release|Any CPU
		{4102EBF9-8520-40FF-A850-E5D436978107}.Release|Any CPU.Build.0 = Release|Any CPU
		{63DD7058-4FC8-4A3F-B5FE-1186561BCAE8}.Debug|Any CPU.ActiveCfg = Debug|Any CPU
		{63DD7058-4FC8-4A3F-B5FE-1186561BCAE8}.Debug|Any CPU.Build.0 = Debug|Any CPU
		{63DD7058-4FC8-4A3F-B5FE-1186561BCAE8}.Release|Any CPU.ActiveCfg = Release|Any CPU
		{63DD7058-4FC8-4A3F-B5FE-1186561BCAE8}.Release|Any CPU.Build.0 = Release|Any CPU
	EndGlobalSection
	GlobalSection(SolutionProperties) = preSolution
		HideSolutionNode = FALSE
	EndGlobalSection
	GlobalSection(NestedProjects) = preSolution
		{7256BF7C-8D7C-41AB-9355-23CDB87F707C} = {37268315-632C-41C9-B5DC-AA0643570009}
		{6BE5159D-6FD3-4DDC-9A8A-A3F584AEA053} = {37268315-632C-41C9-B5DC-AA0643570009}
		{73F544C5-6CBA-4428-9572-A203BDE8B244} = {FCE26FA1-EEE9-48B6-B453-172F1DA63510}
		{91F9D6AF-F999-4245-9F0E-239A91DFA755} = {FCE26FA1-EEE9-48B6-B453-172F1DA63510}
		{F2BB8B50-572F-413F-A99F-109505FA7314} = {D585A08C-10E0-4A7F-BB89-17445F83A9F4}
		{B7C6BF79-8986-4429-8627-048605045088} = {D585A08C-10E0-4A7F-BB89-17445F83A9F4}
		{1FA6D1D1-3C1E-469C-8B34-EA3F774F4EA7} = {4ED71DB6-AE1B-481F-B35E-6C856B944EA2}
		{3B95BFAF-258C-46E1-A595-7A0AF6D61C29} = {4ED71DB6-AE1B-481F-B35E-6C856B944EA2}
		{D40E350F-0FF8-4E59-85F1-B7856CA90B46} = {455A2964-4411-4FA8-A787-15E5549701C4}
		{879E7245-A3FE-4B9C-9985-F71A0932ADCC} = {455A2964-4411-4FA8-A787-15E5549701C4}
		{A706BC12-FB6A-40A2-946F-5A56770F0763} = {3BE33D97-27BB-462C-8502-142204CC24EB}
		{B73538B5-B13E-4A56-9351-EA7843BBAEC0} = {3BE33D97-27BB-462C-8502-142204CC24EB}
		{B01FACA9-6134-4785-BF33-AD7865A3C696} = {FE60110C-0E1F-485B-B62F-62E46B640D19}
		{4D666136-C280-4D5E-9B2B-9A4B8136A027} = {FE60110C-0E1F-485B-B62F-62E46B640D19}
		{ED2EF92F-6BD3-4C25-A468-3908C4491514} = {D631A6A8-8E6A-4502-83D6-7B24F3E72F3F}
		{187B922E-252A-41A8-843F-F4C9916C3B13} = {D631A6A8-8E6A-4502-83D6-7B24F3E72F3F}
		{8136E5BB-7076-4ACB-8800-45704F7BB1CE} = {88517F54-6C2A-4412-8958-DA817E904B30}
		{E5A00FA6-5CD2-40D9-93F2-E8D26E638BF7} = {88517F54-6C2A-4412-8958-DA817E904B30}
		{BFACFB75-3930-484F-833C-E75645BCC859} = {DE2EC989-0E8F-468A-9700-BEEFBCEB9E63}
		{06067B09-80EE-4AFB-8351-143036C84D7F} = {DE2EC989-0E8F-468A-9700-BEEFBCEB9E63}
		{DA3BDB62-E479-4CEC-8CF3-189C15F4CC07} = {B8313061-C58E-4501-9D12-3E1594757828}
		{38EAD100-F3A8-4733-83DE-CDF40EBC1330} = {B8313061-C58E-4501-9D12-3E1594757828}
		{FEF40000-BCB0-4BCC-8EED-6885FC0E7802} = {2A474182-DD73-4676-A916-9BB4D7135497}
		{CA0DBD5D-3C55-4493-9DB5-D6157D59737B} = {2A474182-DD73-4676-A916-9BB4D7135497}
		{E79900B4-BFF2-44E9-A976-69907D8E5017} = {91A8F39D-078E-49F6-84BB-8329A7551AC5}
		{B9045A00-BAE6-4693-9353-DC670EEAFCFA} = {91A8F39D-078E-49F6-84BB-8329A7551AC5}
		{98DE38DB-E5B1-489D-83EA-9D3BA2189241} = {B98F25E6-894C-444D-9844-3B4B9497287B}
		{0CDFDF77-83CA-48E0-9476-2DAF1EB276BD} = {B98F25E6-894C-444D-9844-3B4B9497287B}
		{0F3AA6BE-EC09-4F3B-B649-FD37318763B9} = {7D374E9F-CDBB-4CDF-B5D9-34A38C4C48DD}
		{2DD13635-199C-488F-8F39-E8F13D72040C} = {7D374E9F-CDBB-4CDF-B5D9-34A38C4C48DD}
		{8D4AF438-87D0-4CC6-BE62-20310C9615DA} = {2E841747-922F-4D51-B3D1-886613301650}
		{A8A240E0-3308-40F5-B62B-842565EFF952} = {2E841747-922F-4D51-B3D1-886613301650}
		{D7326E96-37BF-4304-B5DE-EC0038FC01ED} = {07F07DE2-0211-43FA-ADB9-59386C53EDA0}
		{42F8ED39-7587-4180-B173-2D532FBC9BC0} = {07F07DE2-0211-43FA-ADB9-59386C53EDA0}
		{35355B2F-D58F-455E-906A-CACF0C4C595C} = {8FFB9D95-DEC0-4053-9994-94C1B94B6A76}
		{E40CD0BC-A1B2-42B3-A51B-B6D842C773E0} = {8FFB9D95-DEC0-4053-9994-94C1B94B6A76}
		{D0B33E3D-2276-4FD4-8B48-4DDB8E2D59C5} = {35EC658A-CFA5-4ACC-BB91-62286149F244}
		{20951C56-D79A-4575-AF54-66A19B3D4176} = {35EC658A-CFA5-4ACC-BB91-62286149F244}
		{2B457935-DD02-415A-9287-25E473F230F8} = {197C48F9-DBE2-45D3-954E-B0BD92065DC2}
		{1878A3E4-7412-4A6A-BEB3-ED05F7003485} = {197C48F9-DBE2-45D3-954E-B0BD92065DC2}
		{3DB24A79-E2A0-4066-91CB-AAE68E9F8E77} = {AF0F0BB2-7D96-479C-986C-CD130E1F6070}
		{2171171A-6BF6-4E8C-B98D-80036D6F724C} = {AF0F0BB2-7D96-479C-986C-CD130E1F6070}
		{D7DD34B3-1B61-4ECB-ABE4-7449FE270DB4} = {05CEE09E-BB4B-4E44-8133-C46EDA5F9E84}
		{7C641872-FB46-4FA6-93CC-0F7A7ED77B3A} = {05CEE09E-BB4B-4E44-8133-C46EDA5F9E84}
		{B5FC1D65-5D70-4B27-8C79-3E18373EE0DF} = {F3B13D6D-1ED0-4193-9D89-85392B4DB2A3}
		{E3FA7DF4-1F5C-452D-9D1E-BDE91F8A32D9} = {F3B13D6D-1ED0-4193-9D89-85392B4DB2A3}
		{B1462237-1045-43DF-8152-46F576E1E921} = {551FEDC2-CE37-4D3A-8B0C-4F987639596D}
		{E9996CF0-14DB-4F11-B164-65B58BB5EAC2} = {551FEDC2-CE37-4D3A-8B0C-4F987639596D}
		{4102EBF9-8520-40FF-A850-E5D436978107} = {02BA44A8-4ABD-415E-AC42-B51598B4A635}
		{63DD7058-4FC8-4A3F-B5FE-1186561BCAE8} = {02BA44A8-4ABD-415E-AC42-B51598B4A635}
	EndGlobalSection
	GlobalSection(ExtensibilityGlobals) = postSolution
		SolutionGuid = {5A1E848F-191F-420E-BEC1-0F2F5474E169}
	EndGlobalSection
EndGlobal
